// !$*UTF8*$!
{
	archiveVersion = 1;
	classes = {
	};
	objectVersion = 55;
	objects = {

/* Begin PBXBuildFile section */
		2B279C762759F8DC00446B36 /* MapKit.framework in Frameworks */ = {isa = PBXBuildFile; fileRef = 2B279C752759F8DC00446B36 /* MapKit.framework */; };
		2B7F16EF27549EB100A9081D /* AppDelegate.swift in Sources */ = {isa = PBXBuildFile; fileRef = 2B7F16EE27549EB100A9081D /* AppDelegate.swift */; };
		2B7F16F127549EB100A9081D /* SceneDelegate.swift in Sources */ = {isa = PBXBuildFile; fileRef = 2B7F16F027549EB100A9081D /* SceneDelegate.swift */; };
		2B7F16F327549EB100A9081D /* ViewController.swift in Sources */ = {isa = PBXBuildFile; fileRef = 2B7F16F227549EB100A9081D /* ViewController.swift */; };
		2B7F16F627549EB100A9081D /* Main.storyboard in Resources */ = {isa = PBXBuildFile; fileRef = 2B7F16F427549EB100A9081D /* Main.storyboard */; };
		2B7F16F827549EB500A9081D /* Assets.xcassets in Resources */ = {isa = PBXBuildFile; fileRef = 2B7F16F727549EB500A9081D /* Assets.xcassets */; };
		2B7F16FB27549EB500A9081D /* LaunchScreen.storyboard in Resources */ = {isa = PBXBuildFile; fileRef = 2B7F16F927549EB500A9081D /* LaunchScreen.storyboard */; };
		2B7F170A27549FC400A9081D /* MetaViewController.swift in Sources */ = {isa = PBXBuildFile; fileRef = 2B7F170927549FC400A9081D /* MetaViewController.swift */; };
		2B7F17142754A17800A9081D /* MapService.swift in Sources */ = {isa = PBXBuildFile; fileRef = 2B7F17132754A17800A9081D /* MapService.swift */; };
		2B7F17162754A22B00A9081D /* MapModel.swift in Sources */ = {isa = PBXBuildFile; fileRef = 2B7F17152754A22B00A9081D /* MapModel.swift */; };
		2B7F17212754A30F00A9081D /* DIContext.swift in Sources */ = {isa = PBXBuildFile; fileRef = 2B7F17202754A30F00A9081D /* DIContext.swift */; };
		2B7F17232754A32300A9081D /* DIService.swift in Sources */ = {isa = PBXBuildFile; fileRef = 2B7F17222754A32300A9081D /* DIService.swift */; };
		2B7F17272754A55400A9081D /* Service.swift in Sources */ = {isa = PBXBuildFile; fileRef = 2B7F17262754A55400A9081D /* Service.swift */; };
		2B90F0AC2768240D00259FAC /* StringLocalized.swift in Sources */ = {isa = PBXBuildFile; fileRef = 2B90F0AB2768240D00259FAC /* StringLocalized.swift */; };
		2B90F0AF2768250E00259FAC /* VideoAnnotation.swift in Sources */ = {isa = PBXBuildFile; fileRef = 2B90F0AE2768250E00259FAC /* VideoAnnotation.swift */; };
		2B90F0B12768295B00259FAC /* VideoAnnotationView.swift in Sources */ = {isa = PBXBuildFile; fileRef = 2B90F0B02768295B00259FAC /* VideoAnnotationView.swift */; };
		2BAB12AE2769B3C200B4D90C /* BridgeAnnotation.swift in Sources */ = {isa = PBXBuildFile; fileRef = 2BAB12AA2769B3C200B4D90C /* BridgeAnnotation.swift */; };
		2BAB12AF2769B3C200B4D90C /* SanFranciscoAnnotation.swift in Sources */ = {isa = PBXBuildFile; fileRef = 2BAB12AB2769B3C200B4D90C /* SanFranciscoAnnotation.swift */; };
		2BAB12B02769B3C200B4D90C /* CustomAnnotation.swift in Sources */ = {isa = PBXBuildFile; fileRef = 2BAB12AC2769B3C200B4D90C /* CustomAnnotation.swift */; };
		2BAB12B12769B3C200B4D90C /* FerryBuildingAnnotation.swift in Sources */ = {isa = PBXBuildFile; fileRef = 2BAB12AD2769B3C200B4D90C /* FerryBuildingAnnotation.swift */; };
		2BAB12B32769B84900B4D90C /* AnchorListDataController.swift in Sources */ = {isa = PBXBuildFile; fileRef = 2BAB12B22769B84900B4D90C /* AnchorListDataController.swift */; };
		2BAB12B52769B8D600B4D90C /* AnnotationModel.swift in Sources */ = {isa = PBXBuildFile; fileRef = 2BAB12B42769B8D600B4D90C /* AnnotationModel.swift */; };
		2BC09C8E275CB13600981E17 /* MapViewController.swift in Sources */ = {isa = PBXBuildFile; fileRef = 2BC09C8D275CB13600981E17 /* MapViewController.swift */; };
		2BC09C90275CB32B00981E17 /* NearestTableViewController.swift in Sources */ = {isa = PBXBuildFile; fileRef = 2BC09C8F275CB32B00981E17 /* NearestTableViewController.swift */; };
		2BC09C97275CB42300981E17 /* NearestBaseCell.swift in Sources */ = {isa = PBXBuildFile; fileRef = 2BC09C96275CB42300981E17 /* NearestBaseCell.swift */; };
		2BC09CA6275D8FBD00981E17 /* IMService.swift in Sources */ = {isa = PBXBuildFile; fileRef = 2BC09CA5275D8FBD00981E17 /* IMService.swift */; };
		2BC09CAA275D905B00981E17 /* Message.swift in Sources */ = {isa = PBXBuildFile; fileRef = 2BC09CA9275D905B00981E17 /* Message.swift */; };
		2BC0A0B2275DDBF900981E17 /* TabController.swift in Sources */ = {isa = PBXBuildFile; fileRef = 2BC0A0B1275DDBF900981E17 /* TabController.swift */; };
		2BC0A0B4275DDDBB00981E17 /* DiscoverViewController.swift in Sources */ = {isa = PBXBuildFile; fileRef = 2BC0A0B3275DDDBB00981E17 /* DiscoverViewController.swift */; };
		2BC0A0B6275DDDC900981E17 /* FeedViewController.swift in Sources */ = {isa = PBXBuildFile; fileRef = 2BC0A0B5275DDDC900981E17 /* FeedViewController.swift */; };
		2BC0A0B8275DDDD700981E17 /* ProfileViewController.swift in Sources */ = {isa = PBXBuildFile; fileRef = 2BC0A0B7275DDDD700981E17 /* ProfileViewController.swift */; };
		2BC0A0BD275DE46200981E17 /* Color.swift in Sources */ = {isa = PBXBuildFile; fileRef = 2BC0A0BC275DE46200981E17 /* Color.swift */; };
		2BC0A0BF275DE4CC00981E17 /* Colors.swift in Sources */ = {isa = PBXBuildFile; fileRef = 2BC0A0BE275DE4CC00981E17 /* Colors.swift */; };
		2BCAEE01275ECE04009FB418 /* Anchor.swift in Sources */ = {isa = PBXBuildFile; fileRef = 2BCAEE00275ECE04009FB418 /* Anchor.swift */; };
		2BCAEE04275ECEE5009FB418 /* User.swift in Sources */ = {isa = PBXBuildFile; fileRef = 2BCAEE03275ECEE5009FB418 /* User.swift */; };
		2BCAEE09275ED0D2009FB418 /* MapAction.swift in Sources */ = {isa = PBXBuildFile; fileRef = 2BCAEE08275ED0D2009FB418 /* MapAction.swift */; };
		2BCAEE0B275ED0DE009FB418 /* MapReaction.swift in Sources */ = {isa = PBXBuildFile; fileRef = 2BCAEE0A275ED0DE009FB418 /* MapReaction.swift */; };
		2BCAEE0D275ED192009FB418 /* MapViewModel.swift in Sources */ = {isa = PBXBuildFile; fileRef = 2BCAEE0C275ED192009FB418 /* MapViewModel.swift */; };
		2BCAEE10275ED200009FB418 /* MapApi.swift in Sources */ = {isa = PBXBuildFile; fileRef = 2BCAEE0F275ED200009FB418 /* MapApi.swift */; };
		2BCAEE12275ED270009FB418 /* MapRequest.swift in Sources */ = {isa = PBXBuildFile; fileRef = 2BCAEE11275ED270009FB418 /* MapRequest.swift */; };
		2BCAEE14275ED4B4009FB418 /* Log.swift in Sources */ = {isa = PBXBuildFile; fileRef = 2BCAEE13275ED4B4009FB418 /* Log.swift */; };
		2BCAEE16275ED512009FB418 /* Track.swift in Sources */ = {isa = PBXBuildFile; fileRef = 2BCAEE15275ED512009FB418 /* Track.swift */; };
		2BCAEE18275EF091009FB418 /* NearestCellModel.swift in Sources */ = {isa = PBXBuildFile; fileRef = 2BCAEE17275EF091009FB418 /* NearestCellModel.swift */; };
		2BCAEE1A275EF0C6009FB418 /* NearestViewModel.swift in Sources */ = {isa = PBXBuildFile; fileRef = 2BCAEE19275EF0C6009FB418 /* NearestViewModel.swift */; };
/* End PBXBuildFile section */

/* Begin PBXFileReference section */
		2B279C752759F8DC00446B36 /* MapKit.framework */ = {isa = PBXFileReference; lastKnownFileType = wrapper.framework; name = MapKit.framework; path = System/Library/Frameworks/MapKit.framework; sourceTree = SDKROOT; };
		2B7F16EB27549EB100A9081D /* Crooked.app */ = {isa = PBXFileReference; explicitFileType = wrapper.application; includeInIndex = 0; path = Crooked.app; sourceTree = BUILT_PRODUCTS_DIR; };
		2B7F16EE27549EB100A9081D /* AppDelegate.swift */ = {isa = PBXFileReference; lastKnownFileType = sourcecode.swift; path = AppDelegate.swift; sourceTree = "<group>"; };
		2B7F16F027549EB100A9081D /* SceneDelegate.swift */ = {isa = PBXFileReference; lastKnownFileType = sourcecode.swift; path = SceneDelegate.swift; sourceTree = "<group>"; };
		2B7F16F227549EB100A9081D /* ViewController.swift */ = {isa = PBXFileReference; lastKnownFileType = sourcecode.swift; path = ViewController.swift; sourceTree = "<group>"; };
		2B7F16F527549EB100A9081D /* Base */ = {isa = PBXFileReference; lastKnownFileType = file.storyboard; name = Base; path = Base.lproj/Main.storyboard; sourceTree = "<group>"; };
		2B7F16F727549EB500A9081D /* Assets.xcassets */ = {isa = PBXFileReference; lastKnownFileType = folder.assetcatalog; path = Assets.xcassets; sourceTree = "<group>"; };
		2B7F16FA27549EB500A9081D /* Base */ = {isa = PBXFileReference; lastKnownFileType = file.storyboard; name = Base; path = Base.lproj/LaunchScreen.storyboard; sourceTree = "<group>"; };
		2B7F16FC27549EB500A9081D /* Info.plist */ = {isa = PBXFileReference; lastKnownFileType = text.plist.xml; path = Info.plist; sourceTree = "<group>"; };
		2B7F170927549FC400A9081D /* MetaViewController.swift */ = {isa = PBXFileReference; lastKnownFileType = sourcecode.swift; path = MetaViewController.swift; sourceTree = "<group>"; };
		2B7F17132754A17800A9081D /* MapService.swift */ = {isa = PBXFileReference; lastKnownFileType = sourcecode.swift; path = MapService.swift; sourceTree = "<group>"; };
		2B7F17152754A22B00A9081D /* MapModel.swift */ = {isa = PBXFileReference; lastKnownFileType = sourcecode.swift; path = MapModel.swift; sourceTree = "<group>"; };
		2B7F17202754A30F00A9081D /* DIContext.swift */ = {isa = PBXFileReference; lastKnownFileType = sourcecode.swift; path = DIContext.swift; sourceTree = "<group>"; };
		2B7F17222754A32300A9081D /* DIService.swift */ = {isa = PBXFileReference; lastKnownFileType = sourcecode.swift; path = DIService.swift; sourceTree = "<group>"; };
		2B7F17262754A55400A9081D /* Service.swift */ = {isa = PBXFileReference; lastKnownFileType = sourcecode.swift; path = Service.swift; sourceTree = "<group>"; };
		2B90F0AB2768240D00259FAC /* StringLocalized.swift */ = {isa = PBXFileReference; lastKnownFileType = sourcecode.swift; path = StringLocalized.swift; sourceTree = "<group>"; };
		2B90F0AE2768250E00259FAC /* VideoAnnotation.swift */ = {isa = PBXFileReference; lastKnownFileType = sourcecode.swift; path = VideoAnnotation.swift; sourceTree = "<group>"; };
		2B90F0B02768295B00259FAC /* VideoAnnotationView.swift */ = {isa = PBXFileReference; lastKnownFileType = sourcecode.swift; path = VideoAnnotationView.swift; sourceTree = "<group>"; };
		2BAB12AA2769B3C200B4D90C /* BridgeAnnotation.swift */ = {isa = PBXFileReference; fileEncoding = 4; lastKnownFileType = sourcecode.swift; path = BridgeAnnotation.swift; sourceTree = "<group>"; };
		2BAB12AB2769B3C200B4D90C /* SanFranciscoAnnotation.swift */ = {isa = PBXFileReference; fileEncoding = 4; lastKnownFileType = sourcecode.swift; path = SanFranciscoAnnotation.swift; sourceTree = "<group>"; };
		2BAB12AC2769B3C200B4D90C /* CustomAnnotation.swift */ = {isa = PBXFileReference; fileEncoding = 4; lastKnownFileType = sourcecode.swift; path = CustomAnnotation.swift; sourceTree = "<group>"; };
		2BAB12AD2769B3C200B4D90C /* FerryBuildingAnnotation.swift */ = {isa = PBXFileReference; fileEncoding = 4; lastKnownFileType = sourcecode.swift; path = FerryBuildingAnnotation.swift; sourceTree = "<group>"; };
		2BAB12B22769B84900B4D90C /* AnchorListDataController.swift */ = {isa = PBXFileReference; lastKnownFileType = sourcecode.swift; path = AnchorListDataController.swift; sourceTree = "<group>"; };
		2BAB12B42769B8D600B4D90C /* AnnotationModel.swift */ = {isa = PBXFileReference; lastKnownFileType = sourcecode.swift; path = AnnotationModel.swift; sourceTree = "<group>"; };
		2BC09C8D275CB13600981E17 /* MapViewController.swift */ = {isa = PBXFileReference; lastKnownFileType = sourcecode.swift; path = MapViewController.swift; sourceTree = "<group>"; };
		2BC09C8F275CB32B00981E17 /* NearestTableViewController.swift */ = {isa = PBXFileReference; lastKnownFileType = sourcecode.swift; path = NearestTableViewController.swift; sourceTree = "<group>"; };
		2BC09C96275CB42300981E17 /* NearestBaseCell.swift */ = {isa = PBXFileReference; lastKnownFileType = sourcecode.swift; path = NearestBaseCell.swift; sourceTree = "<group>"; };
		2BC09CA5275D8FBD00981E17 /* IMService.swift */ = {isa = PBXFileReference; lastKnownFileType = sourcecode.swift; path = IMService.swift; sourceTree = "<group>"; };
		2BC09CA9275D905B00981E17 /* Message.swift */ = {isa = PBXFileReference; lastKnownFileType = sourcecode.swift; path = Message.swift; sourceTree = "<group>"; };
		2BC0A0B1275DDBF900981E17 /* TabController.swift */ = {isa = PBXFileReference; lastKnownFileType = sourcecode.swift; path = TabController.swift; sourceTree = "<group>"; };
		2BC0A0B3275DDDBB00981E17 /* DiscoverViewController.swift */ = {isa = PBXFileReference; lastKnownFileType = sourcecode.swift; path = DiscoverViewController.swift; sourceTree = "<group>"; };
		2BC0A0B5275DDDC900981E17 /* FeedViewController.swift */ = {isa = PBXFileReference; lastKnownFileType = sourcecode.swift; path = FeedViewController.swift; sourceTree = "<group>"; };
		2BC0A0B7275DDDD700981E17 /* ProfileViewController.swift */ = {isa = PBXFileReference; lastKnownFileType = sourcecode.swift; path = ProfileViewController.swift; sourceTree = "<group>"; };
		2BC0A0BC275DE46200981E17 /* Color.swift */ = {isa = PBXFileReference; lastKnownFileType = sourcecode.swift; path = Color.swift; sourceTree = "<group>"; };
		2BC0A0BE275DE4CC00981E17 /* Colors.swift */ = {isa = PBXFileReference; lastKnownFileType = sourcecode.swift; path = Colors.swift; sourceTree = "<group>"; };
		2BCAEE00275ECE04009FB418 /* Anchor.swift */ = {isa = PBXFileReference; lastKnownFileType = sourcecode.swift; path = Anchor.swift; sourceTree = "<group>"; };
		2BCAEE03275ECEE5009FB418 /* User.swift */ = {isa = PBXFileReference; lastKnownFileType = sourcecode.swift; path = User.swift; sourceTree = "<group>"; };
		2BCAEE08275ED0D2009FB418 /* MapAction.swift */ = {isa = PBXFileReference; lastKnownFileType = sourcecode.swift; path = MapAction.swift; sourceTree = "<group>"; };
		2BCAEE0A275ED0DE009FB418 /* MapReaction.swift */ = {isa = PBXFileReference; lastKnownFileType = sourcecode.swift; path = MapReaction.swift; sourceTree = "<group>"; };
		2BCAEE0C275ED192009FB418 /* MapViewModel.swift */ = {isa = PBXFileReference; lastKnownFileType = sourcecode.swift; path = MapViewModel.swift; sourceTree = "<group>"; };
		2BCAEE0F275ED200009FB418 /* MapApi.swift */ = {isa = PBXFileReference; lastKnownFileType = sourcecode.swift; path = MapApi.swift; sourceTree = "<group>"; };
		2BCAEE11275ED270009FB418 /* MapRequest.swift */ = {isa = PBXFileReference; lastKnownFileType = sourcecode.swift; path = MapRequest.swift; sourceTree = "<group>"; };
		2BCAEE13275ED4B4009FB418 /* Log.swift */ = {isa = PBXFileReference; lastKnownFileType = sourcecode.swift; path = Log.swift; sourceTree = "<group>"; };
		2BCAEE15275ED512009FB418 /* Track.swift */ = {isa = PBXFileReference; lastKnownFileType = sourcecode.swift; path = Track.swift; sourceTree = "<group>"; };
		2BCAEE17275EF091009FB418 /* NearestCellModel.swift */ = {isa = PBXFileReference; lastKnownFileType = sourcecode.swift; path = NearestCellModel.swift; sourceTree = "<group>"; };
		2BCAEE19275EF0C6009FB418 /* NearestViewModel.swift */ = {isa = PBXFileReference; lastKnownFileType = sourcecode.swift; path = NearestViewModel.swift; sourceTree = "<group>"; };
/* End PBXFileReference section */

/* Begin PBXFrameworksBuildPhase section */
		2B7F16E827549EB100A9081D /* Frameworks */ = {
			isa = PBXFrameworksBuildPhase;
			buildActionMask = 2147483647;
			files = (
				2B279C762759F8DC00446B36 /* MapKit.framework in Frameworks */,
			);
			runOnlyForDeploymentPostprocessing = 0;
		};
/* End PBXFrameworksBuildPhase section */

/* Begin PBXGroup section */
		2B279C742759F8DB00446B36 /* Frameworks */ = {
			isa = PBXGroup;
			children = (
				2B279C752759F8DC00446B36 /* MapKit.framework */,
			);
			name = Frameworks;
			sourceTree = "<group>";
		};
		2B7F16E227549EB100A9081D = {
			isa = PBXGroup;
			children = (
				2B7F16ED27549EB100A9081D /* Crooked */,
				2B7F16EC27549EB100A9081D /* Products */,
				2B279C742759F8DB00446B36 /* Frameworks */,
			);
			sourceTree = "<group>";
		};
		2B7F16EC27549EB100A9081D /* Products */ = {
			isa = PBXGroup;
			children = (
				2B7F16EB27549EB100A9081D /* Crooked.app */,
			);
			name = Products;
			sourceTree = "<group>";
		};
		2B7F16ED27549EB100A9081D /* Crooked */ = {
			isa = PBXGroup;
			children = (
				2B7F171E2754A2C800A9081D /* Main */,
				2B7F171D2754A2BB00A9081D /* Config */,
				2B7F171C2754A2AF00A9081D /* Resources */,
				2B7F170427549F3C00A9081D /* AdvanceServices */,
				2B7F170327549F2E00A9081D /* BasicServices */,
				2B7F170227549F2300A9081D /* Foundation */,
				2B7F16EE27549EB100A9081D /* AppDelegate.swift */,
				2B7F16F027549EB100A9081D /* SceneDelegate.swift */,
				2B7F16F227549EB100A9081D /* ViewController.swift */,
				2B7F16F427549EB100A9081D /* Main.storyboard */,
				2B7F16F727549EB500A9081D /* Assets.xcassets */,
				2B7F16F927549EB500A9081D /* LaunchScreen.storyboard */,
				2B7F16FC27549EB500A9081D /* Info.plist */,
			);
			path = Crooked;
			sourceTree = "<group>";
		};
		2B7F170227549F2300A9081D /* Foundation */ = {
			isa = PBXGroup;
			children = (
				2B90F0AA276823AC00259FAC /* Language */,
				2BC0A0BB275DDE8E00981E17 /* Image */,
				2BC0A0BA275DDE8700981E17 /* Font */,
				2BC0A0B9275DDE8100981E17 /* Color */,
				2B7F171F2754A2EE00A9081D /* DI */,
				2B7F171B2754A29200A9081D /* Track */,
				2B7F171A2754A28B00A9081D /* Storage */,
				2B7F17192754A28400A9081D /* Network */,
				2B7F17182754A27A00A9081D /* UI */,
				2B7F17172754A27400A9081D /* Utils */,
			);
			path = Foundation;
			sourceTree = "<group>";
		};
		2B7F170327549F2E00A9081D /* BasicServices */ = {
			isa = PBXGroup;
			children = (
				2BC09CA2275D8E6D00981E17 /* Video */,
				2BC09CA0275D8E3100981E17 /* IM */,
				2BC09C9E275D8CFE00981E17 /* Search */,
				2BC09C9A275D8CB700981E17 /* User */,
				2BC09C99275D8C9900981E17 /* AR */,
				2BC09C98275D8C8900981E17 /* BlockChain */,
				2B7F170B2754A08100A9081D /* Map */,
			);
			path = BasicServices;
			sourceTree = "<group>";
		};
		2B7F170427549F3C00A9081D /* AdvanceServices */ = {
			isa = PBXGroup;
			children = (
				2BC09CA1275D8E4900981E17 /* TimeMachine */,
				2BC09C9F275D8E1E00981E17 /* Rank */,
				2BC09C9D275D8CF200981E17 /* Discover */,
				2BC09C9C275D8CE000981E17 /* Feed */,
				2BC09C9B275D8CD600981E17 /* Profile */,
				2B7F170527549F6D00A9081D /* Meta */,
			);
			path = AdvanceServices;
			sourceTree = "<group>";
		};
		2B7F170527549F6D00A9081D /* Meta */ = {
			isa = PBXGroup;
			children = (
				2B7F170827549F9800A9081D /* View */,
				2B7F170727549F8C00A9081D /* Model */,
				2B7F170627549F7C00A9081D /* Controller */,
			);
			path = Meta;
			sourceTree = "<group>";
		};
		2B7F170627549F7C00A9081D /* Controller */ = {
			isa = PBXGroup;
			children = (
				2B7F170927549FC400A9081D /* MetaViewController.swift */,
			);
			path = Controller;
			sourceTree = "<group>";
		};
		2B7F170727549F8C00A9081D /* Model */ = {
			isa = PBXGroup;
			children = (
			);
			path = Model;
			sourceTree = "<group>";
		};
		2B7F170827549F9800A9081D /* View */ = {
			isa = PBXGroup;
			children = (
			);
			path = View;
			sourceTree = "<group>";
		};
		2B7F170B2754A08100A9081D /* Map */ = {
			isa = PBXGroup;
			children = (
				2B7F170D2754A0AB00A9081D /* Implement */,
				2B7F170C2754A0A000A9081D /* Interface */,
			);
			path = Map;
			sourceTree = "<group>";
		};
		2B7F170C2754A0A000A9081D /* Interface */ = {
			isa = PBXGroup;
			children = (
				2B7F170F2754A0BF00A9081D /* Model */,
				2B7F170E2754A0AF00A9081D /* Service */,
			);
			path = Interface;
			sourceTree = "<group>";
		};
		2B7F170D2754A0AB00A9081D /* Implement */ = {
			isa = PBXGroup;
			children = (
				2BC09C92275CB3DB00981E17 /* Map */,
				2BC09C91275CB3D200981E17 /* Nearest */,
			);
			path = Implement;
			sourceTree = "<group>";
		};
		2B7F170E2754A0AF00A9081D /* Service */ = {
			isa = PBXGroup;
			children = (
				2B7F17132754A17800A9081D /* MapService.swift */,
			);
			path = Service;
			sourceTree = "<group>";
		};
		2B7F170F2754A0BF00A9081D /* Model */ = {
			isa = PBXGroup;
			children = (
				2B7F17152754A22B00A9081D /* MapModel.swift */,
			);
			path = Model;
			sourceTree = "<group>";
		};
		2B7F17102754A0E800A9081D /* Model */ = {
			isa = PBXGroup;
			children = (
				2BCAEE00275ECE04009FB418 /* Anchor.swift */,
				2BCAEE0C275ED192009FB418 /* MapViewModel.swift */,
				2BCAEE0F275ED200009FB418 /* MapApi.swift */,
				2BCAEE11275ED270009FB418 /* MapRequest.swift */,
			);
			path = Model;
			sourceTree = "<group>";
		};
		2B7F17112754A0EE00A9081D /* View */ = {
			isa = PBXGroup;
			children = (
			);
			path = View;
			sourceTree = "<group>";
		};
		2B7F17122754A0F500A9081D /* Controller */ = {
			isa = PBXGroup;
			children = (
				2BC09C8D275CB13600981E17 /* MapViewController.swift */,
			);
			path = Controller;
			sourceTree = "<group>";
		};
		2B7F17172754A27400A9081D /* Utils */ = {
			isa = PBXGroup;
			children = (
			);
			path = Utils;
			sourceTree = "<group>";
		};
		2B7F17182754A27A00A9081D /* UI */ = {
			isa = PBXGroup;
			children = (
			);
			path = UI;
			sourceTree = "<group>";
		};
		2B7F17192754A28400A9081D /* Network */ = {
			isa = PBXGroup;
			children = (
			);
			path = Network;
			sourceTree = "<group>";
		};
		2B7F171A2754A28B00A9081D /* Storage */ = {
			isa = PBXGroup;
			children = (
			);
			path = Storage;
			sourceTree = "<group>";
		};
		2B7F171B2754A29200A9081D /* Track */ = {
			isa = PBXGroup;
			children = (
				2BCAEE13275ED4B4009FB418 /* Log.swift */,
				2BCAEE15275ED512009FB418 /* Track.swift */,
			);
			path = Track;
			sourceTree = "<group>";
		};
		2B7F171C2754A2AF00A9081D /* Resources */ = {
			isa = PBXGroup;
			children = (
			);
			path = Resources;
			sourceTree = "<group>";
		};
		2B7F171D2754A2BB00A9081D /* Config */ = {
			isa = PBXGroup;
			children = (
			);
			path = Config;
			sourceTree = "<group>";
		};
		2B7F171E2754A2C800A9081D /* Main */ = {
			isa = PBXGroup;
			children = (
				2BC0A0B1275DDBF900981E17 /* TabController.swift */,
			);
			path = Main;
			sourceTree = "<group>";
		};
		2B7F171F2754A2EE00A9081D /* DI */ = {
			isa = PBXGroup;
			children = (
				2B7F17202754A30F00A9081D /* DIContext.swift */,
				2B7F17222754A32300A9081D /* DIService.swift */,
				2B7F17262754A55400A9081D /* Service.swift */,
			);
			path = DI;
			sourceTree = "<group>";
		};
		2B90F0AA276823AC00259FAC /* Language */ = {
			isa = PBXGroup;
			children = (
				2B90F0AB2768240D00259FAC /* StringLocalized.swift */,
			);
			path = Language;
			sourceTree = "<group>";
		};
		2B90F0AD276824B100259FAC /* Annotation */ = {
			isa = PBXGroup;
			children = (
				2BAB12AA2769B3C200B4D90C /* BridgeAnnotation.swift */,
				2BAB12AC2769B3C200B4D90C /* CustomAnnotation.swift */,
				2BAB12AD2769B3C200B4D90C /* FerryBuildingAnnotation.swift */,
				2BAB12AB2769B3C200B4D90C /* SanFranciscoAnnotation.swift */,
				2B90F0AE2768250E00259FAC /* VideoAnnotation.swift */,
				2BAB12B42769B8D600B4D90C /* AnnotationModel.swift */,
			);
			path = Annotation;
			sourceTree = "<group>";
		};
		2BC09C91275CB3D200981E17 /* Nearest */ = {
			isa = PBXGroup;
			children = (
				2BC09C95275CB40400981E17 /* VC */,
				2BC09C94275CB3FE00981E17 /* Model */,
				2BC09C93275CB3F900981E17 /* View */,
			);
			path = Nearest;
			sourceTree = "<group>";
		};
		2BC09C92275CB3DB00981E17 /* Map */ = {
			isa = PBXGroup;
			children = (
				2BCAEE05275ED057009FB418 /* DataController */,
				2BCAEDFF275ECD55009FB418 /* Service */,
				2B7F17102754A0E800A9081D /* Model */,
				2B7F17112754A0EE00A9081D /* View */,
				2B7F17122754A0F500A9081D /* Controller */,
			);
			path = Map;
			sourceTree = "<group>";
		};
		2BC09C93275CB3F900981E17 /* View */ = {
			isa = PBXGroup;
			children = (
				2BC09C96275CB42300981E17 /* NearestBaseCell.swift */,
				2B90F0B02768295B00259FAC /* VideoAnnotationView.swift */,
			);
			path = View;
			sourceTree = "<group>";
		};
		2BC09C94275CB3FE00981E17 /* Model */ = {
			isa = PBXGroup;
			children = (
				2B90F0AD276824B100259FAC /* Annotation */,
				2BCAEE17275EF091009FB418 /* NearestCellModel.swift */,
				2BCAEE19275EF0C6009FB418 /* NearestViewModel.swift */,
			);
			path = Model;
			sourceTree = "<group>";
		};
		2BC09C95275CB40400981E17 /* VC */ = {
			isa = PBXGroup;
			children = (
				2BC09C8F275CB32B00981E17 /* NearestTableViewController.swift */,
			);
			path = VC;
			sourceTree = "<group>";
		};
		2BC09C98275D8C8900981E17 /* BlockChain */ = {
			isa = PBXGroup;
			children = (
			);
			path = BlockChain;
			sourceTree = "<group>";
		};
		2BC09C99275D8C9900981E17 /* AR */ = {
			isa = PBXGroup;
			children = (
			);
			path = AR;
			sourceTree = "<group>";
		};
		2BC09C9A275D8CB700981E17 /* User */ = {
			isa = PBXGroup;
			children = (
				2BCAEE02275ECED9009FB418 /* Model */,
			);
			path = User;
			sourceTree = "<group>";
		};
		2BC09C9B275D8CD600981E17 /* Profile */ = {
			isa = PBXGroup;
			children = (
				2BC0A0B7275DDDD700981E17 /* ProfileViewController.swift */,
			);
			path = Profile;
			sourceTree = "<group>";
		};
		2BC09C9C275D8CE000981E17 /* Feed */ = {
			isa = PBXGroup;
			children = (
				2BC0A0B5275DDDC900981E17 /* FeedViewController.swift */,
			);
			path = Feed;
			sourceTree = "<group>";
		};
		2BC09C9D275D8CF200981E17 /* Discover */ = {
			isa = PBXGroup;
			children = (
				2BC0A0B3275DDDBB00981E17 /* DiscoverViewController.swift */,
			);
			path = Discover;
			sourceTree = "<group>";
		};
		2BC09C9E275D8CFE00981E17 /* Search */ = {
			isa = PBXGroup;
			children = (
			);
			path = Search;
			sourceTree = "<group>";
		};
		2BC09C9F275D8E1E00981E17 /* Rank */ = {
			isa = PBXGroup;
			children = (
			);
			path = Rank;
			sourceTree = "<group>";
		};
		2BC09CA0275D8E3100981E17 /* IM */ = {
			isa = PBXGroup;
			children = (
				2BC09CA4275D8F8F00981E17 /* Implement */,
				2BC09CA3275D8F8600981E17 /* Interface */,
			);
			path = IM;
			sourceTree = "<group>";
		};
		2BC09CA1275D8E4900981E17 /* TimeMachine */ = {
			isa = PBXGroup;
			children = (
			);
			path = TimeMachine;
			sourceTree = "<group>";
		};
		2BC09CA2275D8E6D00981E17 /* Video */ = {
			isa = PBXGroup;
			children = (
			);
			path = Video;
			sourceTree = "<group>";
		};
		2BC09CA3275D8F8600981E17 /* Interface */ = {
			isa = PBXGroup;
			children = (
				2BC09CA8275D904100981E17 /* Service */,
				2BC09CA7275D903900981E17 /* Model */,
				2BC09CA5275D8FBD00981E17 /* IMService.swift */,
			);
			path = Interface;
			sourceTree = "<group>";
		};
		2BC09CA4275D8F8F00981E17 /* Implement */ = {
			isa = PBXGroup;
			children = (
			);
			path = Implement;
			sourceTree = "<group>";
		};
		2BC09CA7275D903900981E17 /* Model */ = {
			isa = PBXGroup;
			children = (
				2BC09CA9275D905B00981E17 /* Message.swift */,
			);
			path = Model;
			sourceTree = "<group>";
		};
		2BC09CA8275D904100981E17 /* Service */ = {
			isa = PBXGroup;
			children = (
			);
			path = Service;
			sourceTree = "<group>";
		};
		2BC0A0B9275DDE8100981E17 /* Color */ = {
			isa = PBXGroup;
			children = (
				2BC0A0BC275DE46200981E17 /* Color.swift */,
				2BC0A0BE275DE4CC00981E17 /* Colors.swift */,
			);
			path = Color;
			sourceTree = "<group>";
		};
		2BC0A0BA275DDE8700981E17 /* Font */ = {
			isa = PBXGroup;
			children = (
			);
			path = Font;
			sourceTree = "<group>";
		};
		2BC0A0BB275DDE8E00981E17 /* Image */ = {
			isa = PBXGroup;
			children = (
			);
			path = Image;
			sourceTree = "<group>";
		};
		2BCAEDFF275ECD55009FB418 /* Service */ = {
			isa = PBXGroup;
			children = (
				2BCAEE08275ED0D2009FB418 /* MapAction.swift */,
				2BCAEE0A275ED0DE009FB418 /* MapReaction.swift */,
			);
			path = Service;
			sourceTree = "<group>";
		};
		2BCAEE02275ECED9009FB418 /* Model */ = {
			isa = PBXGroup;
			children = (
				2BCAEE03275ECEE5009FB418 /* User.swift */,
			);
			path = Model;
			sourceTree = "<group>";
		};
		2BCAEE05275ED057009FB418 /* DataController */ = {
			isa = PBXGroup;
			children = (
				2BAB12B22769B84900B4D90C /* AnchorListDataController.swift */,
			);
			path = DataController;
			sourceTree = "<group>";
		};
/* End PBXGroup section */

/* Begin PBXNativeTarget section */
		2B7F16EA27549EB100A9081D /* Crooked */ = {
			isa = PBXNativeTarget;
			buildConfigurationList = 2B7F16FF27549EB500A9081D /* Build configuration list for PBXNativeTarget "Crooked" */;
			buildPhases = (
				2B7F16E727549EB100A9081D /* Sources */,
				2B7F16E827549EB100A9081D /* Frameworks */,
				2B7F16E927549EB100A9081D /* Resources */,
			);
			buildRules = (
			);
			dependencies = (
			);
			name = Crooked;
			productName = Crooked;
			productReference = 2B7F16EB27549EB100A9081D /* Crooked.app */;
			productType = "com.apple.product-type.application";
		};
/* End PBXNativeTarget section */

/* Begin PBXProject section */
		2B7F16E327549EB100A9081D /* Project object */ = {
			isa = PBXProject;
			attributes = {
				BuildIndependentTargetsInParallel = 1;
				LastSwiftUpdateCheck = 1310;
				LastUpgradeCheck = 1310;
				TargetAttributes = {
					2B7F16EA27549EB100A9081D = {
						CreatedOnToolsVersion = 13.1;
					};
				};
			};
			buildConfigurationList = 2B7F16E627549EB100A9081D /* Build configuration list for PBXProject "Crooked" */;
			compatibilityVersion = "Xcode 13.0";
			developmentRegion = en;
			hasScannedForEncodings = 0;
			knownRegions = (
				en,
				Base,
			);
			mainGroup = 2B7F16E227549EB100A9081D;
			productRefGroup = 2B7F16EC27549EB100A9081D /* Products */;
			projectDirPath = "";
			projectRoot = "";
			targets = (
				2B7F16EA27549EB100A9081D /* Crooked */,
			);
		};
/* End PBXProject section */

/* Begin PBXResourcesBuildPhase section */
		2B7F16E927549EB100A9081D /* Resources */ = {
			isa = PBXResourcesBuildPhase;
			buildActionMask = 2147483647;
			files = (
				2B7F16FB27549EB500A9081D /* LaunchScreen.storyboard in Resources */,
				2B7F16F827549EB500A9081D /* Assets.xcassets in Resources */,
				2B7F16F627549EB100A9081D /* Main.storyboard in Resources */,
			);
			runOnlyForDeploymentPostprocessing = 0;
		};
/* End PBXResourcesBuildPhase section */

/* Begin PBXSourcesBuildPhase section */
		2B7F16E727549EB100A9081D /* Sources */ = {
			isa = PBXSourcesBuildPhase;
			buildActionMask = 2147483647;
			files = (
				2B7F17232754A32300A9081D /* DIService.swift in Sources */,
				2BCAEE01275ECE04009FB418 /* Anchor.swift in Sources */,
				2BC0A0BF275DE4CC00981E17 /* Colors.swift in Sources */,
				2BCAEE1A275EF0C6009FB418 /* NearestViewModel.swift in Sources */,
				2BAB12B52769B8D600B4D90C /* AnnotationModel.swift in Sources */,
				2B7F17142754A17800A9081D /* MapService.swift in Sources */,
				2B7F16F327549EB100A9081D /* ViewController.swift in Sources */,
				2BC09C90275CB32B00981E17 /* NearestTableViewController.swift in Sources */,
				2B90F0AF2768250E00259FAC /* VideoAnnotation.swift in Sources */,
				2BC09C8E275CB13600981E17 /* MapViewController.swift in Sources */,
				2BAB12AE2769B3C200B4D90C /* BridgeAnnotation.swift in Sources */,
				2BC0A0B4275DDDBB00981E17 /* DiscoverViewController.swift in Sources */,
				2BCAEE12275ED270009FB418 /* MapRequest.swift in Sources */,
				2BC0A0B8275DDDD700981E17 /* ProfileViewController.swift in Sources */,
				2B7F17212754A30F00A9081D /* DIContext.swift in Sources */,
				2BCAEE04275ECEE5009FB418 /* User.swift in Sources */,
				2B7F170A27549FC400A9081D /* MetaViewController.swift in Sources */,
				2B7F16EF27549EB100A9081D /* AppDelegate.swift in Sources */,
				2BC0A0B6275DDDC900981E17 /* FeedViewController.swift in Sources */,
				2BCAEE09275ED0D2009FB418 /* MapAction.swift in Sources */,
				2BAB12B12769B3C200B4D90C /* FerryBuildingAnnotation.swift in Sources */,
				2BC0A0BD275DE46200981E17 /* Color.swift in Sources */,
				2B7F17272754A55400A9081D /* Service.swift in Sources */,
				2BAB12B02769B3C200B4D90C /* CustomAnnotation.swift in Sources */,
				2BCAEE0D275ED192009FB418 /* MapViewModel.swift in Sources */,
				2B90F0B12768295B00259FAC /* VideoAnnotationView.swift in Sources */,
				2BC09C97275CB42300981E17 /* NearestBaseCell.swift in Sources */,
				2BAB12AF2769B3C200B4D90C /* SanFranciscoAnnotation.swift in Sources */,
				2BCAEE10275ED200009FB418 /* MapApi.swift in Sources */,
				2BC0A0B2275DDBF900981E17 /* TabController.swift in Sources */,
				2BCAEE14275ED4B4009FB418 /* Log.swift in Sources */,
				2BC09CA6275D8FBD00981E17 /* IMService.swift in Sources */,
				2BAB12B32769B84900B4D90C /* AnchorListDataController.swift in Sources */,
				2B7F17162754A22B00A9081D /* MapModel.swift in Sources */,
				2B7F16F127549EB100A9081D /* SceneDelegate.swift in Sources */,
				2BCAEE16275ED512009FB418 /* Track.swift in Sources */,
				2BCAEE0B275ED0DE009FB418 /* MapReaction.swift in Sources */,
				2BCAEE18275EF091009FB418 /* NearestCellModel.swift in Sources */,
				2B90F0AC2768240D00259FAC /* StringLocalized.swift in Sources */,
				2BC09CAA275D905B00981E17 /* Message.swift in Sources */,
			);
			runOnlyForDeploymentPostprocessing = 0;
		};
/* End PBXSourcesBuildPhase section */

/* Begin PBXVariantGroup section */
		2B7F16F427549EB100A9081D /* Main.storyboard */ = {
			isa = PBXVariantGroup;
			children = (
				2B7F16F527549EB100A9081D /* Base */,
			);
			name = Main.storyboard;
			sourceTree = "<group>";
		};
		2B7F16F927549EB500A9081D /* LaunchScreen.storyboard */ = {
			isa = PBXVariantGroup;
			children = (
				2B7F16FA27549EB500A9081D /* Base */,
			);
			name = LaunchScreen.storyboard;
			sourceTree = "<group>";
		};
/* End PBXVariantGroup section */

/* Begin XCBuildConfiguration section */
		2B7F16FD27549EB500A9081D /* Debug */ = {
			isa = XCBuildConfiguration;
			buildSettings = {
				ALWAYS_SEARCH_USER_PATHS = NO;
				CLANG_ANALYZER_NONNULL = YES;
				CLANG_ANALYZER_NUMBER_OBJECT_CONVERSION = YES_AGGRESSIVE;
				CLANG_CXX_LANGUAGE_STANDARD = "gnu++17";
				CLANG_CXX_LIBRARY = "libc++";
				CLANG_ENABLE_MODULES = YES;
				CLANG_ENABLE_OBJC_ARC = YES;
				CLANG_ENABLE_OBJC_WEAK = YES;
				CLANG_WARN_BLOCK_CAPTURE_AUTORELEASING = YES;
				CLANG_WARN_BOOL_CONVERSION = YES;
				CLANG_WARN_COMMA = YES;
				CLANG_WARN_CONSTANT_CONVERSION = YES;
				CLANG_WARN_DEPRECATED_OBJC_IMPLEMENTATIONS = YES;
				CLANG_WARN_DIRECT_OBJC_ISA_USAGE = YES_ERROR;
				CLANG_WARN_DOCUMENTATION_COMMENTS = YES;
				CLANG_WARN_EMPTY_BODY = YES;
				CLANG_WARN_ENUM_CONVERSION = YES;
				CLANG_WARN_INFINITE_RECURSION = YES;
				CLANG_WARN_INT_CONVERSION = YES;
				CLANG_WARN_NON_LITERAL_NULL_CONVERSION = YES;
				CLANG_WARN_OBJC_IMPLICIT_RETAIN_SELF = YES;
				CLANG_WARN_OBJC_LITERAL_CONVERSION = YES;
				CLANG_WARN_OBJC_ROOT_CLASS = YES_ERROR;
				CLANG_WARN_QUOTED_INCLUDE_IN_FRAMEWORK_HEADER = YES;
				CLANG_WARN_RANGE_LOOP_ANALYSIS = YES;
				CLANG_WARN_STRICT_PROTOTYPES = YES;
				CLANG_WARN_SUSPICIOUS_MOVE = YES;
				CLANG_WARN_UNGUARDED_AVAILABILITY = YES_AGGRESSIVE;
				CLANG_WARN_UNREACHABLE_CODE = YES;
				CLANG_WARN__DUPLICATE_METHOD_MATCH = YES;
				COPY_PHASE_STRIP = NO;
				DEBUG_INFORMATION_FORMAT = dwarf;
				ENABLE_STRICT_OBJC_MSGSEND = YES;
				ENABLE_TESTABILITY = YES;
				GCC_C_LANGUAGE_STANDARD = gnu11;
				GCC_DYNAMIC_NO_PIC = NO;
				GCC_NO_COMMON_BLOCKS = YES;
				GCC_OPTIMIZATION_LEVEL = 0;
				GCC_PREPROCESSOR_DEFINITIONS = (
					"DEBUG=1",
					"$(inherited)",
				);
				GCC_WARN_64_TO_32_BIT_CONVERSION = YES;
				GCC_WARN_ABOUT_RETURN_TYPE = YES_ERROR;
				GCC_WARN_UNDECLARED_SELECTOR = YES;
				GCC_WARN_UNINITIALIZED_AUTOS = YES_AGGRESSIVE;
				GCC_WARN_UNUSED_FUNCTION = YES;
				GCC_WARN_UNUSED_VARIABLE = YES;
				IPHONEOS_DEPLOYMENT_TARGET = 15.0;
				MTL_ENABLE_DEBUG_INFO = INCLUDE_SOURCE;
				MTL_FAST_MATH = YES;
				ONLY_ACTIVE_ARCH = YES;
				SDKROOT = iphoneos;
				SWIFT_ACTIVE_COMPILATION_CONDITIONS = DEBUG;
				SWIFT_OPTIMIZATION_LEVEL = "-Onone";
			};
			name = Debug;
		};
		2B7F16FE27549EB500A9081D /* Release */ = {
			isa = XCBuildConfiguration;
			buildSettings = {
				ALWAYS_SEARCH_USER_PATHS = NO;
				CLANG_ANALYZER_NONNULL = YES;
				CLANG_ANALYZER_NUMBER_OBJECT_CONVERSION = YES_AGGRESSIVE;
				CLANG_CXX_LANGUAGE_STANDARD = "gnu++17";
				CLANG_CXX_LIBRARY = "libc++";
				CLANG_ENABLE_MODULES = YES;
				CLANG_ENABLE_OBJC_ARC = YES;
				CLANG_ENABLE_OBJC_WEAK = YES;
				CLANG_WARN_BLOCK_CAPTURE_AUTORELEASING = YES;
				CLANG_WARN_BOOL_CONVERSION = YES;
				CLANG_WARN_COMMA = YES;
				CLANG_WARN_CONSTANT_CONVERSION = YES;
				CLANG_WARN_DEPRECATED_OBJC_IMPLEMENTATIONS = YES;
				CLANG_WARN_DIRECT_OBJC_ISA_USAGE = YES_ERROR;
				CLANG_WARN_DOCUMENTATION_COMMENTS = YES;
				CLANG_WARN_EMPTY_BODY = YES;
				CLANG_WARN_ENUM_CONVERSION = YES;
				CLANG_WARN_INFINITE_RECURSION = YES;
				CLANG_WARN_INT_CONVERSION = YES;
				CLANG_WARN_NON_LITERAL_NULL_CONVERSION = YES;
				CLANG_WARN_OBJC_IMPLICIT_RETAIN_SELF = YES;
				CLANG_WARN_OBJC_LITERAL_CONVERSION = YES;
				CLANG_WARN_OBJC_ROOT_CLASS = YES_ERROR;
				CLANG_WARN_QUOTED_INCLUDE_IN_FRAMEWORK_HEADER = YES;
				CLANG_WARN_RANGE_LOOP_ANALYSIS = YES;
				CLANG_WARN_STRICT_PROTOTYPES = YES;
				CLANG_WARN_SUSPICIOUS_MOVE = YES;
				CLANG_WARN_UNGUARDED_AVAILABILITY = YES_AGGRESSIVE;
				CLANG_WARN_UNREACHABLE_CODE = YES;
				CLANG_WARN__DUPLICATE_METHOD_MATCH = YES;
				COPY_PHASE_STRIP = NO;
				DEBUG_INFORMATION_FORMAT = "dwarf-with-dsym";
				ENABLE_NS_ASSERTIONS = NO;
				ENABLE_STRICT_OBJC_MSGSEND = YES;
				GCC_C_LANGUAGE_STANDARD = gnu11;
				GCC_NO_COMMON_BLOCKS = YES;
				GCC_WARN_64_TO_32_BIT_CONVERSION = YES;
				GCC_WARN_ABOUT_RETURN_TYPE = YES_ERROR;
				GCC_WARN_UNDECLARED_SELECTOR = YES;
				GCC_WARN_UNINITIALIZED_AUTOS = YES_AGGRESSIVE;
				GCC_WARN_UNUSED_FUNCTION = YES;
				GCC_WARN_UNUSED_VARIABLE = YES;
				IPHONEOS_DEPLOYMENT_TARGET = 15.0;
				MTL_ENABLE_DEBUG_INFO = NO;
				MTL_FAST_MATH = YES;
				SDKROOT = iphoneos;
				SWIFT_COMPILATION_MODE = wholemodule;
				SWIFT_OPTIMIZATION_LEVEL = "-O";
				VALIDATE_PRODUCT = YES;
			};
			name = Release;
		};
		2B7F170027549EB500A9081D /* Debug */ = {
			isa = XCBuildConfiguration;
			buildSettings = {
				ASSETCATALOG_COMPILER_APPICON_NAME = AppIcon;
				ASSETCATALOG_COMPILER_GLOBAL_ACCENT_COLOR_NAME = AccentColor;
				CODE_SIGN_STYLE = Automatic;
				CURRENT_PROJECT_VERSION = 1;
				DEVELOPMENT_TEAM = 7WAPB4EAX2;
				GENERATE_INFOPLIST_FILE = YES;
				INFOPLIST_FILE = Crooked/Info.plist;
				INFOPLIST_KEY_UIApplicationSupportsIndirectInputEvents = YES;
				INFOPLIST_KEY_UILaunchStoryboardName = LaunchScreen;
				INFOPLIST_KEY_UIMainStoryboardFile = Main;
				INFOPLIST_KEY_UISupportedInterfaceOrientations_iPad = "UIInterfaceOrientationPortrait UIInterfaceOrientationPortraitUpsideDown UIInterfaceOrientationLandscapeLeft UIInterfaceOrientationLandscapeRight";
				INFOPLIST_KEY_UISupportedInterfaceOrientations_iPhone = "UIInterfaceOrientationPortrait UIInterfaceOrientationLandscapeLeft UIInterfaceOrientationLandscapeRight";
				IPHONEOS_DEPLOYMENT_TARGET = 13.0;
				LD_RUNPATH_SEARCH_PATHS = (
					"$(inherited)",
					"@executable_path/Frameworks",
				);
				MARKETING_VERSION = 1.0;
				PRODUCT_BUNDLE_IDENTIFIER = com.fanghe.crooked.Crooked;
				PRODUCT_NAME = "$(TARGET_NAME)";
				SWIFT_EMIT_LOC_STRINGS = YES;
				SWIFT_VERSION = 5.0;
				TARGETED_DEVICE_FAMILY = "1,2";
			};
			name = Debug;
		};
		2B7F170127549EB500A9081D /* Release */ = {
			isa = XCBuildConfiguration;
			buildSettings = {
				ASSETCATALOG_COMPILER_APPICON_NAME = AppIcon;
				ASSETCATALOG_COMPILER_GLOBAL_ACCENT_COLOR_NAME = AccentColor;
				CODE_SIGN_STYLE = Automatic;
				CURRENT_PROJECT_VERSION = 1;
				DEVELOPMENT_TEAM = 7WAPB4EAX2;
				GENERATE_INFOPLIST_FILE = YES;
				INFOPLIST_FILE = Crooked/Info.plist;
				INFOPLIST_KEY_UIApplicationSupportsIndirectInputEvents = YES;
				INFOPLIST_KEY_UILaunchStoryboardName = LaunchScreen;
				INFOPLIST_KEY_UIMainStoryboardFile = Main;
				INFOPLIST_KEY_UISupportedInterfaceOrientations_iPad = "UIInterfaceOrientationPortrait UIInterfaceOrientationPortraitUpsideDown UIInterfaceOrientationLandscapeLeft UIInterfaceOrientationLandscapeRight";
				INFOPLIST_KEY_UISupportedInterfaceOrientations_iPhone = "UIInterfaceOrientationPortrait UIInterfaceOrientationLandscapeLeft UIInterfaceOrientationLandscapeRight";
				IPHONEOS_DEPLOYMENT_TARGET = 13.0;
				LD_RUNPATH_SEARCH_PATHS = (
					"$(inherited)",
					"@executable_path/Frameworks",
				);
				MARKETING_VERSION = 1.0;
				PRODUCT_BUNDLE_IDENTIFIER = com.fanghe.crooked.Crooked;
				PRODUCT_NAME = "$(TARGET_NAME)";
				SWIFT_EMIT_LOC_STRINGS = YES;
				SWIFT_VERSION = 5.0;
				TARGETED_DEVICE_FAMILY = "1,2";
			};
			name = Release;
		};
/* End XCBuildConfiguration section */

/* Begin XCConfigurationList section */
		2B7F16E627549EB100A9081D /* Build configuration list for PBXProject "Crooked" */ = {
			isa = XCConfigurationList;
			buildConfigurations = (
				2B7F16FD27549EB500A9081D /* Debug */,
				2B7F16FE27549EB500A9081D /* Release */,
			);
			defaultConfigurationIsVisible = 0;
			defaultConfigurationName = Release;
		};
		2B7F16FF27549EB500A9081D /* Build configuration list for PBXNativeTarget "Crooked" */ = {
			isa = XCConfigurationList;
			buildConfigurations = (
				2B7F170027549EB500A9081D /* Debug */,
				2B7F170127549EB500A9081D /* Release */,
			);
			defaultConfigurationIsVisible = 0;
			defaultConfigurationName = Release;
		};
/* End XCConfigurationList section */
	};
	rootObject = 2B7F16E327549EB100A9081D /* Project object */;
}
